
Microsoft Visual Studio Solution File, Format Version 12.00
# Visual Studio Version 17
VisualStudioVersion = 17.0.32112.339
MinimumVisualStudioVersion = 10.0.40219.1
Project("{FAE04EC0-301F-11D3-BF4B-00C04F79EFBC}") = "Karakter-Tersten-Yazdırma", "Karakter-Tersten-Yazdırma\Karakter-Tersten-Yazdırma.csproj", "{02B8A476-4E1E-4191-BB4F-92F96FC5203A}"
EndProject
Global
	GlobalSection(SolutionConfigurationPlatforms) = preSolution
		Debug|Any CPU = Debug|Any CPU
		Release|Any CPU = Release|Any CPU
	EndGlobalSection
	GlobalSection(ProjectConfigurationPlatforms) = postSolution
		{02B8A476-4E1E-4191-BB4F-92F96FC5203A}.Debug|Any CPU.ActiveCfg = Debug|Any CPU
		{02B8A476-4E1E-4191-BB4F-92F96FC5203A}.Debug|Any CPU.Build.0 = Debug|Any CPU
		{02B8A476-4E1E-4191-BB4F-92F96FC5203A}.Release|Any CPU.ActiveCfg = Release|Any CPU
		{02B8A476-4E1E-4191-BB4F-92F96FC5203A}.Release|Any CPU.Build.0 = Release|Any CPU
	EndGlobalSection
	GlobalSection(SolutionProperties) = preSolution
		HideSolutionNode = FALSE
	EndGlobalSection
	GlobalSection(ExtensibilityGlobals) = postSolution
		SolutionGuid = {3AD83071-1215-4AB6-8538-312318359C8A}
	EndGlobalSection
EndGlobal
